
Microsoft Visual Studio Solution File, Format Version 12.00
# Visual Studio Version 16
VisualStudioVersion = 16.0.28803.352
MinimumVisualStudioVersion = 10.0.40219.1
Project("{2150E333-8FDC-42A3-9474-1A3956D46DE8}") = "Solution Items", "Solution Items", "{7BB8363E-EE8F-47C4-B6DE-84ACED464525}"
	ProjectSection(SolutionItems) = preProject
		README.md = README.md
	EndProjectSection
EndProject
Project("{888888A0-9F3D-457C-B088-3A5042F75D52}") = "Cerebri", "Cerebri\Cerebri.pyproj", "{53F50CCF-9A2A-4674-A1BC-5F5E4044EB1B}"
EndProject
Project("{FAE04EC0-301F-11D3-BF4B-00C04F79EFBC}") = "Selenium", "Selenium\Selenium.csproj", "{04D56FC0-680E-4915-B2EF-FD9B7B3E2FF3}"
EndProject
Global
	GlobalSection(SolutionConfigurationPlatforms) = preSolution
		Debug|Any CPU = Debug|Any CPU
		Release|Any CPU = Release|Any CPU
	EndGlobalSection
	GlobalSection(ProjectConfigurationPlatforms) = postSolution
		{53F50CCF-9A2A-4674-A1BC-5F5E4044EB1B}.Debug|Any CPU.ActiveCfg = Debug|Any CPU
		{53F50CCF-9A2A-4674-A1BC-5F5E4044EB1B}.Debug|Any CPU.Build.0 = Debug|Any CPU
		{53F50CCF-9A2A-4674-A1BC-5F5E4044EB1B}.Release|Any CPU.ActiveCfg = Release|Any CPU
		{53F50CCF-9A2A-4674-A1BC-5F5E4044EB1B}.Release|Any CPU.Build.0 = Release|Any CPU
		{04D56FC0-680E-4915-B2EF-FD9B7B3E2FF3}.Debug|Any CPU.ActiveCfg = Debug|Any CPU
		{04D56FC0-680E-4915-B2EF-FD9B7B3E2FF3}.Debug|Any CPU.Build.0 = Debug|Any CPU
		{04D56FC0-680E-4915-B2EF-FD9B7B3E2FF3}.Release|Any CPU.ActiveCfg = Release|Any CPU
		{04D56FC0-680E-4915-B2EF-FD9B7B3E2FF3}.Release|Any CPU.Build.0 = Release|Any CPU
	EndGlobalSection
	GlobalSection(SolutionProperties) = preSolution
		HideSolutionNode = FALSE
	EndGlobalSection
	GlobalSection(ExtensibilityGlobals) = postSolution
		SolutionGuid = {36CFEFD5-33DD-4178-8D60-AD913AAD2803}
	EndGlobalSection
EndGlobal
